{
  "name": "@railgun-reloaded/subsquid-client",
  "version": "1.0.0",
  "lockfileVersion": 3,
  "requires": true,
  "packages": {
    "": {
      "name": "@railgun-reloaded/subsquid-client",
      "version": "1.0.0",
      "license": "MIT",
      "dependencies": {
        "graffle": "^0.0.0",
        "graphql": "^16.10.0",
        "graphql-request": "^7.1.2"
      },
      "devDependencies": {
        "@railgun-reloaded/tsconfig": "^1.0.0"
      }
    },
    "node_modules/@graphql-typed-document-node/core": {
      "version": "3.2.0",
      "resolved": "https://registry.npmjs.org/@graphql-typed-document-node/core/-/core-3.2.0.tgz",
      "integrity": "sha512-mB9oAsNCm9aM3/SOv4YtBMqZbYj10R7dkq8byBqxGY/ncFwhf2oQzMV+LCRlWoDSEBJ3COiR1yeDvMtsoOsuFQ==",
      "peerDependencies": {
        "graphql": "^0.8.0 || ^0.9.0 || ^0.10.0 || ^0.11.0 || ^0.12.0 || ^0.13.0 || ^14.0.0 || ^15.0.0 || ^16.0.0 || ^17.0.0"
      }
    },
    "node_modules/@railgun-reloaded/tsconfig": {
      "version": "1.0.0",
      "resolved": "https://registry.npmjs.org/@railgun-reloaded/tsconfig/-/tsconfig-1.0.0.tgz",
      "integrity": "sha512-m6+5wPz25pR7Ac61uSz1CW62kZvgtb3IDiIoSijbrBGTrvIk6iYUjif+1KK2HgwZLNvsZlD6LTAdfeVu/Vyxyw==",
      "dev": true,
      "dependencies": {
        "@tsconfig/strictest": "^2.0.5"
      }
    },
    "node_modules/@tsconfig/strictest": {
      "version": "2.0.5",
      "resolved": "https://registry.npmjs.org/@tsconfig/strictest/-/strictest-2.0.5.tgz",
      "integrity": "sha512-ec4tjL2Rr0pkZ5hww65c+EEPYwxOi4Ryv+0MtjeaSQRJyq322Q27eOQiFbuNgw2hpL4hB1/W/HBGk3VKS43osg==",
      "dev": true
    },
    "node_modules/graffle": {
      "version": "0.0.0",
      "resolved": "https://registry.npmjs.org/graffle/-/graffle-0.0.0.tgz",
      "integrity": "sha512-sIChCCzbsLVnDtdr9D5mUF0bvPgEkwDgdR61Q+601FcUefk/2fUV13m8qPKfWKOux78YAxd3GU25fk52k1y/Bg=="
    },
    "node_modules/graphql": {
      "version": "16.10.0",
      "resolved": "https://registry.npmjs.org/graphql/-/graphql-16.10.0.tgz",
      "integrity": "sha512-AjqGKbDGUFRKIRCP9tCKiIGHyriz2oHEbPIbEtcSLSs4YjReZOIPQQWek4+6hjw62H9QShXHyaGivGiYVLeYFQ==",
      "engines": {
        "node": "^12.22.0 || ^14.16.0 || ^16.0.0 || >=17.0.0"
      }
    },
    "node_modules/graphql-request": {
      "version": "7.1.2",
      "resolved": "https://registry.npmjs.org/graphql-request/-/graphql-request-7.1.2.tgz",
      "integrity": "sha512-+XE3iuC55C2di5ZUrB4pjgwe+nIQBuXVIK9J98wrVwojzDW3GMdSBZfxUk8l4j9TieIpjpggclxhNEU9ebGF8w==",
      "dependencies": {
        "@graphql-typed-document-node/core": "^3.2.0"
      },
      "peerDependencies": {
        "graphql": "14 - 16"
      }
    }
  }
}
